// !$*UTF8*$!
{
	archiveVersion = 1;
	classes = {
	};
	objectVersion = 77;
	objects = {

/* Begin PBXBuildFile section */
		1861DF812EC5761E002E6AE5 /* ZoomTransitionDelegate.swift in Sources */ = {isa = PBXBuildFile; fileRef = 1861DF802EC5761E002E6AE5 /* ZoomTransitionDelegate.swift */; };
		1861DFA92EC99218002E6AE5 /* SwiftUIView.swift in Sources */ = {isa = PBXBuildFile; fileRef = 1861DFA82EC99218002E6AE5 /* SwiftUIView.swift */; };
		1879CA992EC44B8400D37A69 /* ContentView.swift in Sources */ = {isa = PBXBuildFile; fileRef = 1879CA912EC44B8400D37A69 /* ContentView.swift */; };
		1879CAA42EC44C7B00D37A69 /* ImageGalleryViewController.swift in Sources */ = {isa = PBXBuildFile; fileRef = 1879CAA32EC44C7B00D37A69 /* ImageGalleryViewController.swift */; };
/* End PBXBuildFile section */

/* Begin PBXContainerItemProxy section */
		1879CA5F2EC42B9D00D37A69 /* PBXContainerItemProxy */ = {
			isa = PBXContainerItemProxy;
			containerPortal = 1879CA402EC42B9B00D37A69 /* Project object */;
			proxyType = 1;
			remoteGlobalIDString = 1879CA472EC42B9B00D37A69;
			remoteInfo = ZoomImageDemo;
		};
		1879CA692EC42B9D00D37A69 /* PBXContainerItemProxy */ = {
			isa = PBXContainerItemProxy;
			containerPortal = 1879CA402EC42B9B00D37A69 /* Project object */;
			proxyType = 1;
			remoteGlobalIDString = 1879CA472EC42B9B00D37A69;
			remoteInfo = ZoomImageDemo;
		};
/* End PBXContainerItemProxy section */

/* Begin PBXFileReference section */
		1861DF802EC5761E002E6AE5 /* ZoomTransitionDelegate.swift */ = {isa = PBXFileReference; lastKnownFileType = sourcecode.swift; path = ZoomTransitionDelegate.swift; sourceTree = "<group>"; };
		1861DFA82EC99218002E6AE5 /* SwiftUIView.swift */ = {isa = PBXFileReference; lastKnownFileType = sourcecode.swift; path = SwiftUIView.swift; sourceTree = "<group>"; };
		1879CA482EC42B9B00D37A69 /* ZoomImageDemo.app */ = {isa = PBXFileReference; explicitFileType = wrapper.application; includeInIndex = 0; path = ZoomImageDemo.app; sourceTree = BUILT_PRODUCTS_DIR; };
		1879CA5E2EC42B9D00D37A69 /* ZoomImageDemoTests.xctest */ = {isa = PBXFileReference; explicitFileType = wrapper.cfbundle; includeInIndex = 0; path = ZoomImageDemoTests.xctest; sourceTree = BUILT_PRODUCTS_DIR; };
		1879CA682EC42B9D00D37A69 /* ZoomImageDemoUITests.xctest */ = {isa = PBXFileReference; explicitFileType = wrapper.cfbundle; includeInIndex = 0; path = ZoomImageDemoUITests.xctest; sourceTree = BUILT_PRODUCTS_DIR; };
		1879CA912EC44B8400D37A69 /* ContentView.swift */ = {isa = PBXFileReference; lastKnownFileType = sourcecode.swift; path = ContentView.swift; sourceTree = "<group>"; };
		1879CAA32EC44C7B00D37A69 /* ImageGalleryViewController.swift */ = {isa = PBXFileReference; lastKnownFileType = sourcecode.swift; path = ImageGalleryViewController.swift; sourceTree = "<group>"; };
/* End PBXFileReference section */

/* Begin PBXFileSystemSynchronizedRootGroup section */
		1879CA4A2EC42B9B00D37A69 /* ZoomImageDemo */ = {
			isa = PBXFileSystemSynchronizedRootGroup;
			path = ZoomImageDemo;
			sourceTree = "<group>";
		};
		1879CA612EC42B9D00D37A69 /* ZoomImageDemoTests */ = {
			isa = PBXFileSystemSynchronizedRootGroup;
			path = ZoomImageDemoTests;
			sourceTree = "<group>";
		};
		1879CA6B2EC42B9D00D37A69 /* ZoomImageDemoUITests */ = {
			isa = PBXFileSystemSynchronizedRootGroup;
			path = ZoomImageDemoUITests;
			sourceTree = "<group>";
		};
/* End PBXFileSystemSynchronizedRootGroup section */

/* Begin PBXFrameworksBuildPhase section */
		1879CA452EC42B9B00D37A69 /* Frameworks */ = {
			isa = PBXFrameworksBuildPhase;
			buildActionMask = 2147483647;
			files = (
			);
			runOnlyForDeploymentPostprocessing = 0;
		};
		1879CA5B2EC42B9D00D37A69 /* Frameworks */ = {
			isa = PBXFrameworksBuildPhase;
			buildActionMask = 2147483647;
			files = (
			);
			runOnlyForDeploymentPostprocessing = 0;
		};
		1879CA652EC42B9D00D37A69 /* Frameworks */ = {
			isa = PBXFrameworksBuildPhase;
			buildActionMask = 2147483647;
			files = (
			);
			runOnlyForDeploymentPostprocessing = 0;
		};
/* End PBXFrameworksBuildPhase section */

/* Begin PBXGroup section */
		1879CA3F2EC42B9B00D37A69 = {
			isa = PBXGroup;
			children = (
				1879CA912EC44B8400D37A69 /* ContentView.swift */,
				1861DFA82EC99218002E6AE5 /* SwiftUIView.swift */,
				1879CAA32EC44C7B00D37A69 /* ImageGalleryViewController.swift */,
				1861DF802EC5761E002E6AE5 /* ZoomTransitionDelegate.swift */,
				1879CA4A2EC42B9B00D37A69 /* ZoomImageDemo */,
				1879CA612EC42B9D00D37A69 /* ZoomImageDemoTests */,
				1879CA6B2EC42B9D00D37A69 /* ZoomImageDemoUITests */,
				1879CA492EC42B9B00D37A69 /* Products */,
			);
			sourceTree = "<group>";
		};
		1879CA492EC42B9B00D37A69 /* Products */ = {
			isa = PBXGroup;
			children = (
				1879CA482EC42B9B00D37A69 /* ZoomImageDemo.app */,
				1879CA5E2EC42B9D00D37A69 /* ZoomImageDemoTests.xctest */,
				1879CA682EC42B9D00D37A69 /* ZoomImageDemoUITests.xctest */,
			);
			name = Products;
			sourceTree = "<group>";
		};
/* End PBXGroup section */

/* Begin PBXNativeTarget section */
		1879CA472EC42B9B00D37A69 /* ZoomImageDemo */ = {
			isa = PBXNativeTarget;
			buildConfigurationList = 1879CA722EC42B9D00D37A69 /* Build configuration list for PBXNativeTarget "ZoomImageDemo" */;
			buildPhases = (
				1879CA442EC42B9B00D37A69 /* Sources */,
				1879CA452EC42B9B00D37A69 /* Frameworks */,
				1879CA462EC42B9B00D37A69 /* Resources */,
			);
			buildRules = (
			);
			dependencies = (
			);
			fileSystemSynchronizedGroups = (
				1879CA4A2EC42B9B00D37A69 /* ZoomImageDemo */,
			);
			name = ZoomImageDemo;
			packageProductDependencies = (
			);
			productName = ZoomImageDemo;
			productReference = 1879CA482EC42B9B00D37A69 /* ZoomImageDemo.app */;
			productType = "com.apple.product-type.application";
		};
		1879CA5D2EC42B9D00D37A69 /* ZoomImageDemoTests */ = {
			isa = PBXNativeTarget;
			buildConfigurationList = 1879CA752EC42B9D00D37A69 /* Build configuration list for PBXNativeTarget "ZoomImageDemoTests" */;
			buildPhases = (
				1879CA5A2EC42B9D00D37A69 /* Sources */,
				1879CA5B2EC42B9D00D37A69 /* Frameworks */,
				1879CA5C2EC42B9D00D37A69 /* Resources */,
			);
			buildRules = (
			);
			dependencies = (
				1879CA602EC42B9D00D37A69 /* PBXTargetDependency */,
			);
			fileSystemSynchronizedGroups = (
				1879CA612EC42B9D00D37A69 /* ZoomImageDemoTests */,
			);
			name = ZoomImageDemoTests;
			packageProductDependencies = (
			);
			productName = ZoomImageDemoTests;
			productReference = 1879CA5E2EC42B9D00D37A69 /* ZoomImageDemoTests.xctest */;
			productType = "com.apple.product-type.bundle.unit-test";
		};
		1879CA672EC42B9D00D37A69 /* ZoomImageDemoUITests */ = {
			isa = PBXNativeTarget;
			buildConfigurationList = 1879CA782EC42B9D00D37A69 /* Build configuration list for PBXNativeTarget "ZoomImageDemoUITests" */;
			buildPhases = (
				1879CA642EC42B9D00D37A69 /* Sources */,
				1879CA652EC42B9D00D37A69 /* Frameworks */,
				1879CA662EC42B9D00D37A69 /* Resources */,
			);
			buildRules = (
			);
			dependencies = (
				1879CA6A2EC42B9D00D37A69 /* PBXTargetDependency */,
			);
			fileSystemSynchronizedGroups = (
				1879CA6B2EC42B9D00D37A69 /* ZoomImageDemoUITests */,
			);
			name = ZoomImageDemoUITests;
			packageProductDependencies = (
			);
			productName = ZoomImageDemoUITests;
			productReference = 1879CA682EC42B9D00D37A69 /* ZoomImageDemoUITests.xctest */;
			productType = "com.apple.product-type.bundle.ui-testing";
		};
/* End PBXNativeTarget section */

/* Begin PBXProject section */
		1879CA402EC42B9B00D37A69 /* Project object */ = {
			isa = PBXProject;
			attributes = {
				BuildIndependentTargetsInParallel = 1;
				LastSwiftUpdateCheck = 1620;
				LastUpgradeCheck = 1620;
				TargetAttributes = {
					1879CA472EC42B9B00D37A69 = {
						CreatedOnToolsVersion = 16.2;
					};
					1879CA5D2EC42B9D00D37A69 = {
						CreatedOnToolsVersion = 16.2;
						TestTargetID = 1879CA472EC42B9B00D37A69;
					};
					1879CA672EC42B9D00D37A69 = {
						CreatedOnToolsVersion = 16.2;
						TestTargetID = 1879CA472EC42B9B00D37A69;
					};
				};
			};
			buildConfigurationList = 1879CA432EC42B9B00D37A69 /* Build configuration list for PBXProject "ZoomImageDemo" */;
			developmentRegion = en;
			hasScannedForEncodings = 0;
			knownRegions = (
				en,
				Base,
			);
			mainGroup = 1879CA3F2EC42B9B00D37A69;
			minimizedProjectReferenceProxies = 1;
			preferredProjectObjectVersion = 77;
			productRefGroup = 1879CA492EC42B9B00D37A69 /* Products */;
			projectDirPath = "";
			projectRoot = "";
			targets = (
				1879CA472EC42B9B00D37A69 /* ZoomImageDemo */,
				1879CA5D2EC42B9D00D37A69 /* ZoomImageDemoTests */,
				1879CA672EC42B9D00D37A69 /* ZoomImageDemoUITests */,
			);
		};
/* End PBXProject section */

/* Begin PBXResourcesBuildPhase section */
		1879CA462EC42B9B00D37A69 /* Resources */ = {
			isa = PBXResourcesBuildPhase;
			buildActionMask = 2147483647;
			files = (
			);
			runOnlyForDeploymentPostprocessing = 0;
		};
		1879CA5C2EC42B9D00D37A69 /* Resources */ = {
			isa = PBXResourcesBuildPhase;
			buildActionMask = 2147483647;
			files = (
			);
			runOnlyForDeploymentPostprocessing = 0;
		};
		1879CA662EC42B9D00D37A69 /* Resources */ = {
			isa = PBXResourcesBuildPhase;
			buildActionMask = 2147483647;
			files = (
			);
			runOnlyForDeploymentPostprocessing = 0;
		};
/* End PBXResourcesBuildPhase section */

/* Begin PBXSourcesBuildPhase section */
		1879CA442EC42B9B00D37A69 /* Sources */ = {
			isa = PBXSourcesBuildPhase;
			buildActionMask = 2147483647;
			files = (
				1861DF812EC5761E002E6AE5 /* ZoomTransitionDelegate.swift in Sources */,
				1861DFA92EC99218002E6AE5 /* SwiftUIView.swift in Sources */,
				1879CA992EC44B8400D37A69 /* ContentView.swift in Sources */,
				1879CAA42EC44C7B00D37A69 /* ImageGalleryViewController.swift in Sources */,
			);
			runOnlyForDeploymentPostprocessing = 0;
		};
		1879CA5A2EC42B9D00D37A69 /* Sources */ = {
			isa = PBXSourcesBuildPhase;
			buildActionMask = 2147483647;
			files = (
			);
			runOnlyForDeploymentPostprocessing = 0;
		};
		1879CA642EC42B9D00D37A69 /* Sources */ = {
			isa = PBXSourcesBuildPhase;
			buildActionMask = 2147483647;
			files = (
			);
			runOnlyForDeploymentPostprocessing = 0;
		};
/* End PBXSourcesBuildPhase section */

/* Begin PBXTargetDependency section */
		1879CA602EC42B9D00D37A69 /* PBXTargetDependency */ = {
			isa = PBXTargetDependency;
			target = 1879CA472EC42B9B00D37A69 /* ZoomImageDemo */;
			targetProxy = 1879CA5F2EC42B9D00D37A69 /* PBXContainerItemProxy */;
		};
		1879CA6A2EC42B9D00D37A69 /* PBXTargetDependency */ = {
			isa = PBXTargetDependency;
			target = 1879CA472EC42B9B00D37A69 /* ZoomImageDemo */;
			targetProxy = 1879CA692EC42B9D00D37A69 /* PBXContainerItemProxy */;
		};
/* End PBXTargetDependency section */

/* Begin XCBuildConfiguration section */
		1879CA702EC42B9D00D37A69 /* Debug */ = {
			isa = XCBuildConfiguration;
			buildSettings = {
				ALWAYS_SEARCH_USER_PATHS = NO;
				ASSETCATALOG_COMPILER_GENERATE_SWIFT_ASSET_SYMBOL_EXTENSIONS = YES;
				CLANG_ANALYZER_NONNULL = YES;
				CLANG_ANALYZER_NUMBER_OBJECT_CONVERSION = YES_AGGRESSIVE;
				CLANG_CXX_LANGUAGE_STANDARD = "gnu++20";
				CLANG_ENABLE_MODULES = YES;
				CLANG_ENABLE_OBJC_ARC = YES;
				CLANG_ENABLE_OBJC_WEAK = YES;
				CLANG_WARN_BLOCK_CAPTURE_AUTORELEASING = YES;
				CLANG_WARN_BOOL_CONVERSION = YES;
				CLANG_WARN_COMMA = YES;
				CLANG_WARN_CONSTANT_CONVERSION = YES;
				CLANG_WARN_DEPRECATED_OBJC_IMPLEMENTATIONS = YES;
				CLANG_WARN_DIRECT_OBJC_ISA_USAGE = YES_ERROR;
				CLANG_WARN_DOCUMENTATION_COMMENTS = YES;
				CLANG_WARN_EMPTY_BODY = YES;
				CLANG_WARN_ENUM_CONVERSION = YES;
				CLANG_WARN_INFINITE_RECURSION = YES;
				CLANG_WARN_INT_CONVERSION = YES;
				CLANG_WARN_NON_LITERAL_NULL_CONVERSION = YES;
				CLANG_WARN_OBJC_IMPLICIT_RETAIN_SELF = YES;
				CLANG_WARN_OBJC_LITERAL_CONVERSION = YES;
				CLANG_WARN_OBJC_ROOT_CLASS = YES_ERROR;
				CLANG_WARN_QUOTED_INCLUDE_IN_FRAMEWORK_HEADER = YES;
				CLANG_WARN_RANGE_LOOP_ANALYSIS = YES;
				CLANG_WARN_STRICT_PROTOTYPES = YES;
				CLANG_WARN_SUSPICIOUS_MOVE = YES;
				CLANG_WARN_UNGUARDED_AVAILABILITY = YES_AGGRESSIVE;
				CLANG_WARN_UNREACHABLE_CODE = YES;
				CLANG_WARN__DUPLICATE_METHOD_MATCH = YES;
				COPY_PHASE_STRIP = NO;
				DEBUG_INFORMATION_FORMAT = dwarf;
				ENABLE_STRICT_OBJC_MSGSEND = YES;
				ENABLE_TESTABILITY = YES;
				ENABLE_USER_SCRIPT_SANDBOXING = YES;
				GCC_C_LANGUAGE_STANDARD = gnu17;
				GCC_DYNAMIC_NO_PIC = NO;
				GCC_NO_COMMON_BLOCKS = YES;
				GCC_OPTIMIZATION_LEVEL = 0;
				GCC_PREPROCESSOR_DEFINITIONS = (
					"DEBUG=1",
					"$(inherited)",
				);
				GCC_WARN_64_TO_32_BIT_CONVERSION = YES;
				GCC_WARN_ABOUT_RETURN_TYPE = YES_ERROR;
				GCC_WARN_UNDECLARED_SELECTOR = YES;
				GCC_WARN_UNINITIALIZED_AUTOS = YES_AGGRESSIVE;
				GCC_WARN_UNUSED_FUNCTION = YES;
				GCC_WARN_UNUSED_VARIABLE = YES;
				LOCALIZATION_PREFERS_STRING_CATALOGS = YES;
				MTL_ENABLE_DEBUG_INFO = INCLUDE_SOURCE;
				MTL_FAST_MATH = YES;
				ONLY_ACTIVE_ARCH = YES;
				SWIFT_ACTIVE_COMPILATION_CONDITIONS = "DEBUG $(inherited)";
				SWIFT_OPTIMIZATION_LEVEL = "-Onone";
			};
			name = Debug;
		};
		1879CA712EC42B9D00D37A69 /* Release */ = {
			isa = XCBuildConfiguration;
			buildSettings = {
				ALWAYS_SEARCH_USER_PATHS = NO;
				ASSETCATALOG_COMPILER_GENERATE_SWIFT_ASSET_SYMBOL_EXTENSIONS = YES;
				CLANG_ANALYZER_NONNULL = YES;
				CLANG_ANALYZER_NUMBER_OBJECT_CONVERSION = YES_AGGRESSIVE;
				CLANG_CXX_LANGUAGE_STANDARD = "gnu++20";
				CLANG_ENABLE_MODULES = YES;
				CLANG_ENABLE_OBJC_ARC = YES;
				CLANG_ENABLE_OBJC_WEAK = YES;
				CLANG_WARN_BLOCK_CAPTURE_AUTORELEASING = YES;
				CLANG_WARN_BOOL_CONVERSION = YES;
				CLANG_WARN_COMMA = YES;
				CLANG_WARN_CONSTANT_CONVERSION = YES;
				CLANG_WARN_DEPRECATED_OBJC_IMPLEMENTATIONS = YES;
				CLANG_WARN_DIRECT_OBJC_ISA_USAGE = YES_ERROR;
				CLANG_WARN_DOCUMENTATION_COMMENTS = YES;
				CLANG_WARN_EMPTY_BODY = YES;
				CLANG_WARN_ENUM_CONVERSION = YES;
				CLANG_WARN_INFINITE_RECURSION = YES;
				CLANG_WARN_INT_CONVERSION = YES;
				CLANG_WARN_NON_LITERAL_NULL_CONVERSION = YES;
				CLANG_WARN_OBJC_IMPLICIT_RETAIN_SELF = YES;
				CLANG_WARN_OBJC_LITERAL_CONVERSION = YES;
				CLANG_WARN_OBJC_ROOT_CLASS = YES_ERROR;
				CLANG_WARN_QUOTED_INCLUDE_IN_FRAMEWORK_HEADER = YES;
				CLANG_WARN_RANGE_LOOP_ANALYSIS = YES;
				CLANG_WARN_STRICT_PROTOTYPES = YES;
				CLANG_WARN_SUSPICIOUS_MOVE = YES;
				CLANG_WARN_UNGUARDED_AVAILABILITY = YES_AGGRESSIVE;
				CLANG_WARN_UNREACHABLE_CODE = YES;
				CLANG_WARN__DUPLICATE_METHOD_MATCH = YES;
				COPY_PHASE_STRIP = NO;
				DEBUG_INFORMATION_FORMAT = "dwarf-with-dsym";
				ENABLE_NS_ASSERTIONS = NO;
				ENABLE_STRICT_OBJC_MSGSEND = YES;
				ENABLE_USER_SCRIPT_SANDBOXING = YES;
				GCC_C_LANGUAGE_STANDARD = gnu17;
				GCC_NO_COMMON_BLOCKS = YES;
				GCC_WARN_64_TO_32_BIT_CONVERSION = YES;
				GCC_WARN_ABOUT_RETURN_TYPE = YES_ERROR;
				GCC_WARN_UNDECLARED_SELECTOR = YES;
				GCC_WARN_UNINITIALIZED_AUTOS = YES_AGGRESSIVE;
				GCC_WARN_UNUSED_FUNCTION = YES;
				GCC_WARN_UNUSED_VARIABLE = YES;
				LOCALIZATION_PREFERS_STRING_CATALOGS = YES;
				MTL_ENABLE_DEBUG_INFO = NO;
				MTL_FAST_MATH = YES;
				SWIFT_COMPILATION_MODE = wholemodule;
			};
			name = Release;
		};
		1879CA732EC42B9D00D37A69 /* Debug */ = {
			isa = XCBuildConfiguration;
			buildSettings = {
				ASSETCATALOG_COMPILER_APPICON_NAME = AppIcon;
				ASSETCATALOG_COMPILER_GLOBAL_ACCENT_COLOR_NAME = AccentColor;
				CODE_SIGN_ENTITLEMENTS = ZoomImageDemo/ZoomImageDemo.entitlements;
				CODE_SIGN_STYLE = Automatic;
				CURRENT_PROJECT_VERSION = 1;
				DEVELOPMENT_ASSET_PATHS = "\"ZoomImageDemo/Preview Content\"";
				DEVELOPMENT_TEAM = 36Z8VP4JN8;
				ENABLE_HARDENED_RUNTIME = YES;
				ENABLE_PREVIEWS = YES;
				GENERATE_INFOPLIST_FILE = YES;
				"INFOPLIST_KEY_UIApplicationSceneManifest_Generation[sdk=iphoneos*]" = YES;
				"INFOPLIST_KEY_UIApplicationSceneManifest_Generation[sdk=iphonesimulator*]" = YES;
				"INFOPLIST_KEY_UIApplicationSupportsIndirectInputEvents[sdk=iphoneos*]" = YES;
				"INFOPLIST_KEY_UIApplicationSupportsIndirectInputEvents[sdk=iphonesimulator*]" = YES;
				"INFOPLIST_KEY_UILaunchScreen_Generation[sdk=iphoneos*]" = YES;
				"INFOPLIST_KEY_UILaunchScreen_Generation[sdk=iphonesimulator*]" = YES;
				"INFOPLIST_KEY_UIStatusBarStyle[sdk=iphoneos*]" = UIStatusBarStyleDefault;
				"INFOPLIST_KEY_UIStatusBarStyle[sdk=iphonesimulator*]" = UIStatusBarStyleDefault;
				INFOPLIST_KEY_UISupportedInterfaceOrientations_iPad = "UIInterfaceOrientationPortrait UIInterfaceOrientationPortraitUpsideDown UIInterfaceOrientationLandscapeLeft UIInterfaceOrientationLandscapeRight";
				INFOPLIST_KEY_UISupportedInterfaceOrientations_iPhone = "UIInterfaceOrientationPortrait UIInterfaceOrientationLandscapeLeft UIInterfaceOrientationLandscapeRight";
				IPHONEOS_DEPLOYMENT_TARGET = 18.2;
				LD_RUNPATH_SEARCH_PATHS = "@executable_path/Frameworks";
				"LD_RUNPATH_SEARCH_PATHS[sdk=macosx*]" = "@executable_path/../Frameworks";
				MACOSX_DEPLOYMENT_TARGET = 15.0;
				MARKETING_VERSION = 1.0;
				PRODUCT_BUNDLE_IDENTIFIER = "boad-system.ZoomImageDemo";
				PRODUCT_NAME = "$(TARGET_NAME)";
				SDKROOT = auto;
				SUPPORTED_PLATFORMS = "iphoneos iphonesimulator macosx xros xrsimulator";
				SWIFT_EMIT_LOC_STRINGS = YES;
				SWIFT_VERSION = 5.0;
				TARGETED_DEVICE_FAMILY = "1,2,7";
				XROS_DEPLOYMENT_TARGET = 2.2;
			};
			name = Debug;
		};
		1879CA742EC42B9D00D37A69 /* Release */ = {
			isa = XCBuildConfiguration;
			buildSettings = {
				ASSETCATALOG_COMPILER_APPICON_NAME = AppIcon;
				ASSETCATALOG_COMPILER_GLOBAL_ACCENT_COLOR_NAME = AccentColor;
				CODE_SIGN_ENTITLEMENTS = ZoomImageDemo/ZoomImageDemo.entitlements;
				CODE_SIGN_STYLE = Automatic;
				CURRENT_PROJECT_VERSION = 1;
				DEVELOPMENT_ASSET_PATHS = "\"ZoomImageDemo/Preview Content\"";
				DEVELOPMENT_TEAM = 36Z8VP4JN8;
				ENABLE_HARDENED_RUNTIME = YES;
				ENABLE_PREVIEWS = YES;
				GENERATE_INFOPLIST_FILE = YES;
				"INFOPLIST_KEY_UIApplicationSceneManifest_Generation[sdk=iphoneos*]" = YES;
				"INFOPLIST_KEY_UIApplicationSceneManifest_Generation[sdk=iphonesimulator*]" = YES;
				"INFOPLIST_KEY_UIApplicationSupportsIndirectInputEvents[sdk=iphoneos*]" = YES;
				"INFOPLIST_KEY_UIApplicationSupportsIndirectInputEvents[sdk=iphonesimulator*]" = YES;
				"INFOPLIST_KEY_UILaunchScreen_Generation[sdk=iphoneos*]" = YES;
				"INFOPLIST_KEY_UILaunchScreen_Generation[sdk=iphonesimulator*]" = YES;
				"INFOPLIST_KEY_UIStatusBarStyle[sdk=iphoneos*]" = UIStatusBarStyleDefault;
				"INFOPLIST_KEY_UIStatusBarStyle[sdk=iphonesimulator*]" = UIStatusBarStyleDefault;
				INFOPLIST_KEY_UISupportedInterfaceOrientations_iPad = "UIInterfaceOrientationPortrait UIInterfaceOrientationPortraitUpsideDown UIInterfaceOrientationLandscapeLeft UIInterfaceOrientationLandscapeRight";
				INFOPLIST_KEY_UISupportedInterfaceOrientations_iPhone = "UIInterfaceOrientationPortrait UIInterfaceOrientationLandscapeLeft UIInterfaceOrientationLandscapeRight";
				IPHONEOS_DEPLOYMENT_TARGET = 18.2;
				LD_RUNPATH_SEARCH_PATHS = "@executable_path/Frameworks";
				"LD_RUNPATH_SEARCH_PATHS[sdk=macosx*]" = "@executable_path/../Frameworks";
				MACOSX_DEPLOYMENT_TARGET = 15.0;
				MARKETING_VERSION = 1.0;
				PRODUCT_BUNDLE_IDENTIFIER = "boad-system.ZoomImageDemo";
				PRODUCT_NAME = "$(TARGET_NAME)";
				SDKROOT = auto;
				SUPPORTED_PLATFORMS = "iphoneos iphonesimulator macosx xros xrsimulator";
				SWIFT_EMIT_LOC_STRINGS = YES;
				SWIFT_VERSION = 5.0;
				TARGETED_DEVICE_FAMILY = "1,2,7";
				XROS_DEPLOYMENT_TARGET = 2.2;
			};
			name = Release;
		};
		1879CA762EC42B9D00D37A69 /* Debug */ = {
			isa = XCBuildConfiguration;
			buildSettings = {
				BUNDLE_LOADER = "$(TEST_HOST)";
				CODE_SIGN_STYLE = Automatic;
				CURRENT_PROJECT_VERSION = 1;
				DEVELOPMENT_TEAM = 36Z8VP4JN8;
				GENERATE_INFOPLIST_FILE = YES;
				IPHONEOS_DEPLOYMENT_TARGET = 18.2;
				MACOSX_DEPLOYMENT_TARGET = 15.0;
				MARKETING_VERSION = 1.0;
				PRODUCT_BUNDLE_IDENTIFIER = "boad-system.ZoomImageDemoTests";
				PRODUCT_NAME = "$(TARGET_NAME)";
				SDKROOT = auto;
				SUPPORTED_PLATFORMS = "iphoneos iphonesimulator macosx xros xrsimulator";
				SWIFT_EMIT_LOC_STRINGS = NO;
				SWIFT_VERSION = 5.0;
				TARGETED_DEVICE_FAMILY = "1,2,7";
				TEST_HOST = "$(BUILT_PRODUCTS_DIR)/ZoomImageDemo.app/$(BUNDLE_EXECUTABLE_FOLDER_PATH)/ZoomImageDemo";
				XROS_DEPLOYMENT_TARGET = 2.2;
			};
			name = Debug;
		};
		1879CA772EC42B9D00D37A69 /* Release */ = {
			isa = XCBuildConfiguration;
			buildSettings = {
				BUNDLE_LOADER = "$(TEST_HOST)";
				CODE_SIGN_STYLE = Automatic;
				CURRENT_PROJECT_VERSION = 1;
				DEVELOPMENT_TEAM = 36Z8VP4JN8;
				GENERATE_INFOPLIST_FILE = YES;
				IPHONEOS_DEPLOYMENT_TARGET = 18.2;
				MACOSX_DEPLOYMENT_TARGET = 15.0;
				MARKETING_VERSION = 1.0;
				PRODUCT_BUNDLE_IDENTIFIER = "boad-system.ZoomImageDemoTests";
				PRODUCT_NAME = "$(TARGET_NAME)";
				SDKROOT = auto;
				SUPPORTED_PLATFORMS = "iphoneos iphonesimulator macosx xros xrsimulator";
				SWIFT_EMIT_LOC_STRINGS = NO;
				SWIFT_VERSION = 5.0;
				TARGETED_DEVICE_FAMILY = "1,2,7";
				TEST_HOST = "$(BUILT_PRODUCTS_DIR)/ZoomImageDemo.app/$(BUNDLE_EXECUTABLE_FOLDER_PATH)/ZoomImageDemo";
				XROS_DEPLOYMENT_TARGET = 2.2;
			};
			name = Release;
		};
		1879CA792EC42B9D00D37A69 /* Debug */ = {
			isa = XCBuildConfiguration;
			buildSettings = {
				CODE_SIGN_STYLE = Automatic;
				CURRENT_PROJECT_VERSION = 1;
				DEVELOPMENT_TEAM = 36Z8VP4JN8;
				GENERATE_INFOPLIST_FILE = YES;
				IPHONEOS_DEPLOYMENT_TARGET = 18.2;
				MACOSX_DEPLOYMENT_TARGET = 15.0;
				MARKETING_VERSION = 1.0;
				PRODUCT_BUNDLE_IDENTIFIER = "boad-system.ZoomImageDemoUITests";
				PRODUCT_NAME = "$(TARGET_NAME)";
				SDKROOT = auto;
				SUPPORTED_PLATFORMS = "iphoneos iphonesimulator macosx xros xrsimulator";
				SWIFT_EMIT_LOC_STRINGS = NO;
				SWIFT_VERSION = 5.0;
				TARGETED_DEVICE_FAMILY = "1,2,7";
				TEST_TARGET_NAME = ZoomImageDemo;
				XROS_DEPLOYMENT_TARGET = 2.2;
			};
			name = Debug;
		};
		1879CA7A2EC42B9D00D37A69 /* Release */ = {
			isa = XCBuildConfiguration;
			buildSettings = {
				CODE_SIGN_STYLE = Automatic;
				CURRENT_PROJECT_VERSION = 1;
				DEVELOPMENT_TEAM = 36Z8VP4JN8;
				GENERATE_INFOPLIST_FILE = YES;
				IPHONEOS_DEPLOYMENT_TARGET = 18.2;
				MACOSX_DEPLOYMENT_TARGET = 15.0;
				MARKETING_VERSION = 1.0;
				PRODUCT_BUNDLE_IDENTIFIER = "boad-system.ZoomImageDemoUITests";
				PRODUCT_NAME = "$(TARGET_NAME)";
				SDKROOT = auto;
				SUPPORTED_PLATFORMS = "iphoneos iphonesimulator macosx xros xrsimulator";
				SWIFT_EMIT_LOC_STRINGS = NO;
				SWIFT_VERSION = 5.0;
				TARGETED_DEVICE_FAMILY = "1,2,7";
				TEST_TARGET_NAME = ZoomImageDemo;
				XROS_DEPLOYMENT_TARGET = 2.2;
			};
			name = Release;
		};
/* End XCBuildConfiguration section */

/* Begin XCConfigurationList section */
		1879CA432EC42B9B00D37A69 /* Build configuration list for PBXProject "ZoomImageDemo" */ = {
			isa = XCConfigurationList;
			buildConfigurations = (
				1879CA702EC42B9D00D37A69 /* Debug */,
				1879CA712EC42B9D00D37A69 /* Release */,
			);
			defaultConfigurationIsVisible = 0;
			defaultConfigurationName = Release;
		};
		1879CA722EC42B9D00D37A69 /* Build configuration list for PBXNativeTarget "ZoomImageDemo" */ = {
			isa = XCConfigurationList;
			buildConfigurations = (
				1879CA732EC42B9D00D37A69 /* Debug */,
				1879CA742EC42B9D00D37A69 /* Release */,
			);
			defaultConfigurationIsVisible = 0;
			defaultConfigurationName = Release;
		};
		1879CA752EC42B9D00D37A69 /* Build configuration list for PBXNativeTarget "ZoomImageDemoTests" */ = {
			isa = XCConfigurationList;
			buildConfigurations = (
				1879CA762EC42B9D00D37A69 /* Debug */,
				1879CA772EC42B9D00D37A69 /* Release */,
			);
			defaultConfigurationIsVisible = 0;
			defaultConfigurationName = Release;
		};
		1879CA782EC42B9D00D37A69 /* Build configuration list for PBXNativeTarget "ZoomImageDemoUITests" */ = {
			isa = XCConfigurationList;
			buildConfigurations = (
				1879CA792EC42B9D00D37A69 /* Debug */,
				1879CA7A2EC42B9D00D37A69 /* Release */,
			);
			defaultConfigurationIsVisible = 0;
			defaultConfigurationName = Release;
		};
/* End XCConfigurationList section */
	};
	rootObject = 1879CA402EC42B9B00D37A69 /* Project object */;
}
